
Microsoft Visual Studio Solution File, Format Version 12.00
# Visual Studio Version 17
VisualStudioVersion = 17.1.32127.271
MinimumVisualStudioVersion = 10.0.40219.1
Project("{FAE04EC0-301F-11D3-BF4B-00C04F79EFBC}") = "WpfApp1", "WpfApp1\WpfApp1.csproj", "{B68D2F43-1D06-461D-A062-9B5D28242DE8}"
EndProject
Global
	GlobalSection(SolutionConfigurationPlatforms) = preSolution
		Debug|Any CPU = Debug|Any CPU
		Release|Any CPU = Release|Any CPU
	EndGlobalSection
	GlobalSection(ProjectConfigurationPlatforms) = postSolution
		{B68D2F43-1D06-461D-A062-9B5D28242DE8}.Debug|Any CPU.ActiveCfg = Debug|Any CPU
		{B68D2F43-1D06-461D-A062-9B5D28242DE8}.Debug|Any CPU.Build.0 = Debug|Any CPU
		{B68D2F43-1D06-461D-A062-9B5D28242DE8}.Release|Any CPU.ActiveCfg = Release|Any CPU
		{B68D2F43-1D06-461D-A062-9B5D28242DE8}.Release|Any CPU.Build.0 = Release|Any CPU
	EndGlobalSection
	GlobalSection(SolutionProperties) = preSolution
		HideSolutionNode = FALSE
	EndGlobalSection
	GlobalSection(ExtensibilityGlobals) = postSolution
		SolutionGuid = {6C70E61A-4A6B-47EA-B3ED-8ECCFFB92D24}
	EndGlobalSection
EndGlobal
